
Microsoft Visual Studio Solution File, Format Version 12.00
# Visual Studio 2013
VisualStudioVersion = 12.0.30723.0
MinimumVisualStudioVersion = 10.0.40219.1
Project("{FAE04EC0-301F-11D3-BF4B-00C04F79EFBC}") = "TweetSentimentStreaming", "TweetSentimentStreaming\TweetSentimentStreaming.csproj", "{8C02E20E-00C0-42EB-A123-66AB9D1207FB}"
EndProject
Project("{FAE04EC0-301F-11D3-BF4B-00C04F79EFBC}") = "TweetSentimentWeb", "TweetSentimentWeb\TweetSentimentWeb.csproj", "{DAC2D961-368E-437B-A91B-FE92C996C595}"
EndProject
Global
	GlobalSection(SolutionConfigurationPlatforms) = preSolution
		Debug|Any CPU = Debug|Any CPU
		Release|Any CPU = Release|Any CPU
	EndGlobalSection
	GlobalSection(ProjectConfigurationPlatforms) = postSolution
		{8C02E20E-00C0-42EB-A123-66AB9D1207FB}.Debug|Any CPU.ActiveCfg = Debug|Any CPU
		{8C02E20E-00C0-42EB-A123-66AB9D1207FB}.Debug|Any CPU.Build.0 = Debug|Any CPU
		{8C02E20E-00C0-42EB-A123-66AB9D1207FB}.Release|Any CPU.ActiveCfg = Release|Any CPU
		{8C02E20E-00C0-42EB-A123-66AB9D1207FB}.Release|Any CPU.Build.0 = Release|Any CPU
		{DAC2D961-368E-437B-A91B-FE92C996C595}.Debug|Any CPU.ActiveCfg = Debug|Any CPU
		{DAC2D961-368E-437B-A91B-FE92C996C595}.Debug|Any CPU.Build.0 = Debug|Any CPU
		{DAC2D961-368E-437B-A91B-FE92C996C595}.Release|Any CPU.ActiveCfg = Release|Any CPU
		{DAC2D961-368E-437B-A91B-FE92C996C595}.Release|Any CPU.Build.0 = Release|Any CPU
	EndGlobalSection
	GlobalSection(SolutionProperties) = preSolution
		HideSolutionNode = FALSE
	EndGlobalSection
	GlobalSection(ExtensibilityGlobals) = postSolution
		EnterpriseLibraryConfigurationToolBinariesPathV6 = packages\EnterpriseLibrary.TransientFaultHandling.6.0.1304.0\lib\portable-net45+win+wp8
	EndGlobalSection
EndGlobal
